{
  "name": "UCE-BusLink",
  "lockfileVersion": 3,
  "requires": true,
  "packages": {
    "": {
      "dependencies": {
        "@azure/msal-browser": "^5.12.0",
        "@react-oauth/google": "^0.13.5"
      }
    },
    "node_modules/@azure/msal-browser": {
      "version": "5.12.0",
      "resolved": "https://registry.npmjs.org/@azure/msal-browser/-/msal-browser-5.12.0.tgz",
      "integrity": "sha512-eNf2aqx1C6I0yT1GEu5ukblFrmaBXGfe1bivpmlfqvK7giPZvoXLa404C8EfeHVsy6EIryfQuPRzuW1fPxWlHg==",
      "license": "MIT",
      "dependencies": {
        "@azure/msal-common": "16.7.0"
      },
      "engines": {
        "node": ">=0.8.0"
      }
    },
    "node_modules/@azure/msal-common": {
      "version": "16.7.0",
      "resolved": "https://registry.npmjs.org/@azure/msal-common/-/msal-common-16.7.0.tgz",
      "integrity": "sha512-Jb8Y7pX6KM42SIT7KWP6YbY3+vLbwB5b5m+tpiiOzMU1QeyelQzs9lO8jv1e7/Uj9r7tg7VjPvW4T0KB1jF3UQ==",
      "license": "MIT",
      "engines": {
        "node": ">=0.8.0"
      }
    },
    "node_modules/@react-oauth/google": {
      "version": "0.13.5",
      "resolved": "https://registry.npmjs.org/@react-oauth/google/-/google-0.13.5.tgz",
      "integrity": "sha512-xQWri2s/3nNekZJ4uuov2aAfQYu83bN3864KcFqw2pK1nNbFurQIjPFDXhWaKH3IjYJ2r/9yyIIpsn5lMqrheQ==",
      "license": "MIT",
      "peerDependencies": {
        "react": ">=16.8.0",
        "react-dom": ">=16.8.0"
      }
    },
    "node_modules/react": {
      "version": "19.2.7",
      "resolved": "https://registry.npmjs.org/react/-/react-19.2.7.tgz",
      "integrity": "sha512-HNe9WslTbXmFK8o8cmwgAeJFSBvt1bPdHCVKtaaV+WlAN36mpT4hcRpwbf3fY56ar2oIXzsBpOAiIRHAdY0OlQ==",
      "license": "MIT",
      "peer": true,
      "engines": {
        "node": ">=0.10.0"
      }
    },
    "node_modules/react-dom": {
      "version": "19.2.7",
      "resolved": "https://registry.npmjs.org/react-dom/-/react-dom-19.2.7.tgz",
      "integrity": "sha512-t0BRVXvbiE/o20Hfw669rLbMCDWtYZLvmJigy2f0MxsXF+71pxhR3xOkspmsO8h3ZlNzyibAmtCa3l4lYKk6gQ==",
      "license": "MIT",
      "peer": true,
      "dependencies": {
        "scheduler": "^0.27.0"
      },
      "peerDependencies": {
        "react": "^19.2.7"
      }
    },
    "node_modules/scheduler": {
      "version": "0.27.0",
      "resolved": "https://registry.npmjs.org/scheduler/-/scheduler-0.27.0.tgz",
      "integrity": "sha512-eNv+WrVbKu1f3vbYJT/xtiF5syA5HPIMtf9IgY/nKg0sWqzAUEvqY/xm7OcZc/qafLx/iO9FgOmeSAp4v5ti/Q==",
      "license": "MIT",
      "peer": true
    }
  }
}
